
Microsoft Visual Studio Solution File, Format Version 12.00
# Visual Studio Version 17
VisualStudioVersion = 17.11.35327.3
MinimumVisualStudioVersion = 10.0.40219.1
Project("{FAE04EC0-301F-11D3-BF4B-00C04F79EFBC}") = "HavitGridBug", "HavitGridBug.csproj", "{53E0D4A6-A9C9-4B45-896D-D794F801DE2D}"
EndProject
Global
	GlobalSection(SolutionConfigurationPlatforms) = preSolution
		Debug|Any CPU = Debug|Any CPU
		Release|Any CPU = Release|Any CPU
	EndGlobalSection
	GlobalSection(ProjectConfigurationPlatforms) = postSolution
		{53E0D4A6-A9C9-4B45-896D-D794F801DE2D}.Debug|Any CPU.ActiveCfg = Debug|Any CPU
		{53E0D4A6-A9C9-4B45-896D-D794F801DE2D}.Debug|Any CPU.Build.0 = Debug|Any CPU
		{53E0D4A6-A9C9-4B45-896D-D794F801DE2D}.Release|Any CPU.ActiveCfg = Release|Any CPU
		{53E0D4A6-A9C9-4B45-896D-D794F801DE2D}.Release|Any CPU.Build.0 = Release|Any CPU
	EndGlobalSection
	GlobalSection(SolutionProperties) = preSolution
		HideSolutionNode = FALSE
	EndGlobalSection
	GlobalSection(ExtensibilityGlobals) = postSolution
		SolutionGuid = {6BA56351-EADF-4398-AF01-1885ED642365}
	EndGlobalSection
EndGlobal
